Microsoft Visual Studio Solution File, Format Version 11.00
# Visual Studio 2008

Project("{7188D793-3737-5A05-BF67-CAD2B789C4AC}") = "Kindergarten", "Assembly-CSharp.csproj", "{CEC00A8A-654F-BE0B-D24C-65A707D158FC}"
EndProject
Global
	GlobalSection(SolutionConfigurationPlatforms) = preSolution
		Debug|Any CPU = Debug|Any CPU
		Release|Any CPU = Release|Any CPU
	EndGlobalSection
	GlobalSection(ProjectConfigurationPlatforms) = postSolution
		{CEC00A8A-654F-BE0B-D24C-65A707D158FC}.Debug|Any CPU.ActiveCfg = Debug|Any CPU
		{CEC00A8A-654F-BE0B-D24C-65A707D158FC}.Debug|Any CPU.Build.0 = Debug|Any CPU
		{CEC00A8A-654F-BE0B-D24C-65A707D158FC}.Release|Any CPU.ActiveCfg = Release|Any CPU
		{CEC00A8A-654F-BE0B-D24C-65A707D158FC}.Release|Any CPU.Build.0 = Release|Any CPU
	EndGlobalSection
	GlobalSection(SolutionProperties) = preSolution
		HideSolutionNode = FALSE
	EndGlobalSection
										GlobalSection(MonoDevelopProperties) = preSolution
		StartupItem = Assembly-CSharp.csproj
		Policies = $0
		$0.TextStylePolicy = $1
		$1.inheritsSet = null
		$1.scope = text/x-csharp
		$0.CSharpFormattingPolicy = $2
		$2.inheritsSet = Mono
		$2.inheritsScope = text/x-csharp
		$2.scope = text/x-csharp
		$0.TextStylePolicy = $3
		$3.FileWidth = 120
		$3.TabWidth = 4
		$3.IndentWidth = 4
		$3.EolMarker = Unix
		$3.inheritsSet = Mono
		$3.inheritsScope = text/plain
		$3.scope = text/plain
	EndGlobalSection

EndGlobal
